{
  "name": "jellyseerr-cli-requester",
  "version": "1.0.0",
  "lockfileVersion": 3,
  "requires": true,
  "packages": {
    "": {
      "name": "jellyseerr-cli-requester",
      "version": "1.0.0",
      "license": "MIT",
      "bin": {
        "jellyseerr-request": "request.js"
      }
    }
  }
}
